
Microsoft Visual Studio Solution File, Format Version 12.00
# Visual Studio 2013
VisualStudioVersion = 12.0.30723.0
MinimumVisualStudioVersion = 10.0.40219.1
Project("{E24C65DC-7377-472B-9ABA-BC803B73C61A}") = "Website(6)", "http://localhost:30086", "{39812D5D-BDA2-46A6-A7C4-2D800718136B}"
	ProjectSection(WebsiteProperties) = preProject
		UseIISExpress = "true"
		TargetFrameworkMoniker = ".NETFramework,Version%3Dv4.5"
		ProjectReferences = "{f92c2341-c951-4202-a153-41ff455c6723}|eRestaurant.dll;"
		Debug.AspNetCompiler.VirtualPath = "/localhost_30086"
		Debug.AspNetCompiler.PhysicalPath = "Website\"
		Debug.AspNetCompiler.TargetPath = "PrecompiledWeb\localhost_30086\"
		Debug.AspNetCompiler.Updateable = "true"
		Debug.AspNetCompiler.ForceOverwrite = "true"
		Debug.AspNetCompiler.FixedNames = "false"
		Debug.AspNetCompiler.Debug = "True"
		Release.AspNetCompiler.VirtualPath = "/localhost_30086"
		Release.AspNetCompiler.PhysicalPath = "Website\"
		Release.AspNetCompiler.TargetPath = "PrecompiledWeb\localhost_30086\"
		Release.AspNetCompiler.Updateable = "true"
		Release.AspNetCompiler.ForceOverwrite = "true"
		Release.AspNetCompiler.FixedNames = "false"
		Release.AspNetCompiler.Debug = "False"
		SlnRelativePath = "Website\"
		DefaultWebSiteLanguage = "Visual C#"
	EndProjectSection
EndProject
Project("{FAE04EC0-301F-11D3-BF4B-00C04F79EFBC}") = "eRestaurant", "eRestaurant\eRestaurant.csproj", "{F92C2341-C951-4202-A153-41FF455C6723}"
EndProject
Global
	GlobalSection(SolutionConfigurationPlatforms) = preSolution
		Debug|Any CPU = Debug|Any CPU
		Release|Any CPU = Release|Any CPU
	EndGlobalSection
	GlobalSection(ProjectConfigurationPlatforms) = postSolution
		{39812D5D-BDA2-46A6-A7C4-2D800718136B}.Debug|Any CPU.ActiveCfg = Debug|Any CPU
		{39812D5D-BDA2-46A6-A7C4-2D800718136B}.Debug|Any CPU.Build.0 = Debug|Any CPU
		{39812D5D-BDA2-46A6-A7C4-2D800718136B}.Release|Any CPU.ActiveCfg = Debug|Any CPU
		{39812D5D-BDA2-46A6-A7C4-2D800718136B}.Release|Any CPU.Build.0 = Debug|Any CPU
		{F92C2341-C951-4202-A153-41FF455C6723}.Debug|Any CPU.ActiveCfg = Debug|Any CPU
		{F92C2341-C951-4202-A153-41FF455C6723}.Debug|Any CPU.Build.0 = Debug|Any CPU
		{F92C2341-C951-4202-A153-41FF455C6723}.Release|Any CPU.ActiveCfg = Release|Any CPU
		{F92C2341-C951-4202-A153-41FF455C6723}.Release|Any CPU.Build.0 = Release|Any CPU
	EndGlobalSection
	GlobalSection(SolutionProperties) = preSolution
		HideSolutionNode = FALSE
	EndGlobalSection
EndGlobal
